
Microsoft Visual Studio Solution File, Format Version 12.00
# Visual Studio Version 16
VisualStudioVersion = 16.0.33529.622
MinimumVisualStudioVersion = 10.0.40219.1
Project("{FAE04EC0-301F-11D3-BF4B-00C04F79EFBC}") = "Electric_billing_system", "Electric_billing_system\Electric_billing_system.csproj", "{49C869C7-97F0-4E39-889B-63335424A05A}"
EndProject
Global
	GlobalSection(SolutionConfigurationPlatforms) = preSolution
		Debug|Any CPU = Debug|Any CPU
		Release|Any CPU = Release|Any CPU
	EndGlobalSection
	GlobalSection(ProjectConfigurationPlatforms) = postSolution
		{49C869C7-97F0-4E39-889B-63335424A05A}.Debug|Any CPU.ActiveCfg = Debug|Any CPU
		{49C869C7-97F0-4E39-889B-63335424A05A}.Debug|Any CPU.Build.0 = Debug|Any CPU
		{49C869C7-97F0-4E39-889B-63335424A05A}.Release|Any CPU.ActiveCfg = Release|Any CPU
		{49C869C7-97F0-4E39-889B-63335424A05A}.Release|Any CPU.Build.0 = Release|Any CPU
	EndGlobalSection
	GlobalSection(SolutionProperties) = preSolution
		HideSolutionNode = FALSE
	EndGlobalSection
	GlobalSection(ExtensibilityGlobals) = postSolution
		SolutionGuid = {34F34604-7124-4E3A-8974-6F421BF79FCF}
	EndGlobalSection
EndGlobal
